
Microsoft Visual Studio Solution File, Format Version 12.00
# Visual Studio Version 17
VisualStudioVersion = 17.8.34511.84
MinimumVisualStudioVersion = 10.0.40219.1
Project("{FAE04EC0-301F-11D3-BF4B-00C04F79EFBC}") = "Library Management System", "Library Management System.csproj", "{A58912FC-6F8A-47CF-B6F8-4FFE62A03700}"
EndProject
Global
	GlobalSection(SolutionConfigurationPlatforms) = preSolution
		Debug|Any CPU = Debug|Any CPU
		Release|Any CPU = Release|Any CPU
	EndGlobalSection
	GlobalSection(ProjectConfigurationPlatforms) = postSolution
		{A58912FC-6F8A-47CF-B6F8-4FFE62A03700}.Debug|Any CPU.ActiveCfg = Debug|Any CPU
		{A58912FC-6F8A-47CF-B6F8-4FFE62A03700}.Debug|Any CPU.Build.0 = Debug|Any CPU
		{A58912FC-6F8A-47CF-B6F8-4FFE62A03700}.Release|Any CPU.ActiveCfg = Release|Any CPU
		{A58912FC-6F8A-47CF-B6F8-4FFE62A03700}.Release|Any CPU.Build.0 = Release|Any CPU
	EndGlobalSection
	GlobalSection(SolutionProperties) = preSolution
		HideSolutionNode = FALSE
	EndGlobalSection
	GlobalSection(ExtensibilityGlobals) = postSolution
		SolutionGuid = {0195BF45-F714-41EF-BABE-D309017EB154}
	EndGlobalSection
EndGlobal
